// !$*UTF8*$!
{
	archiveVersion = 1;
	classes = {
	};
	objectVersion = 56;
	objects = {

/* Begin PBXBuildFile section */
		DE192D00294A561D009E1504 /* main.cpp in Sources */ = {isa = PBXBuildFile; fileRef = DE192CFF294A561D009E1504 /* main.cpp */; };
		DE192D0E294A562D009E1504 /* priklad2.cpp in Sources */ = {isa = PBXBuildFile; fileRef = DE192D09294A562D009E1504 /* priklad2.cpp */; };
		DE192D10294A562D009E1504 /* priklad1.cpp in Sources */ = {isa = PBXBuildFile; fileRef = DE192D0B294A562D009E1504 /* priklad1.cpp */; };
/* End PBXBuildFile section */

/* Begin PBXCopyFilesBuildPhase section */
		DE192CFA294A561D009E1504 /* CopyFiles */ = {
			isa = PBXCopyFilesBuildPhase;
			buildActionMask = 2147483647;
			dstPath = /usr/share/man/man1/;
			dstSubfolderSpec = 0;
			files = (
			);
			runOnlyForDeploymentPostprocessing = 1;
		};
/* End PBXCopyFilesBuildPhase section */

/* Begin PBXFileReference section */
		DE192CFC294A561D009E1504 /* problem 2 od terky */ = {isa = PBXFileReference; explicitFileType = "compiled.mach-o.executable"; includeInIndex = 0; path = "problem 2 od terky"; sourceTree = BUILT_PRODUCTS_DIR; };
		DE192CFF294A561D009E1504 /* main.cpp */ = {isa = PBXFileReference; lastKnownFileType = sourcecode.cpp.cpp; path = main.cpp; sourceTree = "<group>"; };
		DE192D06294A562D009E1504 /* tst_priklad1.h */ = {isa = PBXFileReference; fileEncoding = 4; lastKnownFileType = sourcecode.c.h; path = tst_priklad1.h; sourceTree = "<group>"; };
		DE192D07294A562D009E1504 /* priklad1.h */ = {isa = PBXFileReference; fileEncoding = 4; lastKnownFileType = sourcecode.c.h; path = priklad1.h; sourceTree = "<group>"; };
		DE192D08294A562D009E1504 /* votes.txt */ = {isa = PBXFileReference; fileEncoding = 4; lastKnownFileType = text; path = votes.txt; sourceTree = "<group>"; };
		DE192D09294A562D009E1504 /* priklad2.cpp */ = {isa = PBXFileReference; fileEncoding = 4; lastKnownFileType = sourcecode.cpp.cpp; path = priklad2.cpp; sourceTree = "<group>"; };
		DE192D0B294A562D009E1504 /* priklad1.cpp */ = {isa = PBXFileReference; fileEncoding = 4; lastKnownFileType = sourcecode.cpp.cpp; path = priklad1.cpp; sourceTree = "<group>"; };
		DE192D0C294A562D009E1504 /* priklad2.h */ = {isa = PBXFileReference; fileEncoding = 4; lastKnownFileType = sourcecode.c.h; path = priklad2.h; sourceTree = "<group>"; };
		DE192D0D294A562D009E1504 /* TestSuite */ = {isa = PBXFileReference; lastKnownFileType = folder; path = TestSuite; sourceTree = "<group>"; };
/* End PBXFileReference section */

/* Begin PBXFrameworksBuildPhase section */
		DE192CF9294A561D009E1504 /* Frameworks */ = {
			isa = PBXFrameworksBuildPhase;
			buildActionMask = 2147483647;
			files = (
			);
			runOnlyForDeploymentPostprocessing = 0;
		};
/* End PBXFrameworksBuildPhase section */

/* Begin PBXGroup section */
		DE192CF3294A561D009E1504 = {
			isa = PBXGroup;
			children = (
				DE192CFE294A561D009E1504 /* problem 2 od terky */,
				DE192CFD294A561D009E1504 /* Products */,
			);
			sourceTree = "<group>";
		};
		DE192CFD294A561D009E1504 /* Products */ = {
			isa = PBXGroup;
			children = (
				DE192CFC294A561D009E1504 /* problem 2 od terky */,
			);
			name = Products;
			sourceTree = "<group>";
		};
		DE192CFE294A561D009E1504 /* problem 2 od terky */ = {
			isa = PBXGroup;
			children = (
				DE192D0B294A562D009E1504 /* priklad1.cpp */,
				DE192D07294A562D009E1504 /* priklad1.h */,
				DE192D09294A562D009E1504 /* priklad2.cpp */,
				DE192D0C294A562D009E1504 /* priklad2.h */,
				DE192D0D294A562D009E1504 /* TestSuite */,
				DE192D06294A562D009E1504 /* tst_priklad1.h */,
				DE192D08294A562D009E1504 /* votes.txt */,
				DE192CFF294A561D009E1504 /* main.cpp */,
			);
			path = "problem 2 od terky";
			sourceTree = "<group>";
		};
/* End PBXGroup section */

/* Begin PBXNativeTarget section */
		DE192CFB294A561D009E1504 /* problem 2 od terky */ = {
			isa = PBXNativeTarget;
			buildConfigurationList = DE192D03294A561D009E1504 /* Build configuration list for PBXNativeTarget "problem 2 od terky" */;
			buildPhases = (
				DE192CF8294A561D009E1504 /* Sources */,
				DE192CF9294A561D009E1504 /* Frameworks */,
				DE192CFA294A561D009E1504 /* CopyFiles */,
			);
			buildRules = (
			);
			dependencies = (
			);
			name = "problem 2 od terky";
			productName = "problem 2 od terky";
			productReference = DE192CFC294A561D009E1504 /* problem 2 od terky */;
			productType = "com.apple.product-type.tool";
		};
/* End PBXNativeTarget section */

/* Begin PBXProject section */
		DE192CF4294A561D009E1504 /* Project object */ = {
			isa = PBXProject;
			attributes = {
				BuildIndependentTargetsInParallel = 1;
				LastUpgradeCheck = 1420;
				TargetAttributes = {
					DE192CFB294A561D009E1504 = {
						CreatedOnToolsVersion = 14.2;
					};
				};
			};
			buildConfigurationList = DE192CF7294A561D009E1504 /* Build configuration list for PBXProject "problem 2 od terky" */;
			compatibilityVersion = "Xcode 14.0";
			developmentRegion = en;
			hasScannedForEncodings = 0;
			knownRegions = (
				en,
				Base,
			);
			mainGroup = DE192CF3294A561D009E1504;
			productRefGroup = DE192CFD294A561D009E1504 /* Products */;
			projectDirPath = "";
			projectRoot = "";
			targets = (
				DE192CFB294A561D009E1504 /* problem 2 od terky */,
			);
		};
/* End PBXProject section */

/* Begin PBXSourcesBuildPhase section */
		DE192CF8294A561D009E1504 /* Sources */ = {
			isa = PBXSourcesBuildPhase;
			buildActionMask = 2147483647;
			files = (
				DE192D0E294A562D009E1504 /* priklad2.cpp in Sources */,
				DE192D10294A562D009E1504 /* priklad1.cpp in Sources */,
				DE192D00294A561D009E1504 /* main.cpp in Sources */,
			);
			runOnlyForDeploymentPostprocessing = 0;
		};
/* End PBXSourcesBuildPhase section */

/* Begin XCBuildConfiguration section */
		DE192D01294A561D009E1504 /* Debug */ = {
			isa = XCBuildConfiguration;
			buildSettings = {
				ALWAYS_SEARCH_USER_PATHS = NO;
				CLANG_ANALYZER_NONNULL = YES;
				CLANG_ANALYZER_NUMBER_OBJECT_CONVERSION = YES_AGGRESSIVE;
				CLANG_CXX_LANGUAGE_STANDARD = "gnu++20";
				CLANG_ENABLE_MODULES = YES;
				CLANG_ENABLE_OBJC_ARC = YES;
				CLANG_ENABLE_OBJC_WEAK = YES;
				CLANG_WARN_BLOCK_CAPTURE_AUTORELEASING = YES;
				CLANG_WARN_BOOL_CONVERSION = YES;
				CLANG_WARN_COMMA = YES;
				CLANG_WARN_CONSTANT_CONVERSION = YES;
				CLANG_WARN_DEPRECATED_OBJC_IMPLEMENTATIONS = YES;
				CLANG_WARN_DIRECT_OBJC_ISA_USAGE = YES_ERROR;
				CLANG_WARN_DOCUMENTATION_COMMENTS = YES;
				CLANG_WARN_EMPTY_BODY = YES;
				CLANG_WARN_ENUM_CONVERSION = YES;
				CLANG_WARN_INFINITE_RECURSION = YES;
				CLANG_WARN_INT_CONVERSION = YES;
				CLANG_WARN_NON_LITERAL_NULL_CONVERSION = YES;
				CLANG_WARN_OBJC_IMPLICIT_RETAIN_SELF = YES;
				CLANG_WARN_OBJC_LITERAL_CONVERSION = YES;
				CLANG_WARN_OBJC_ROOT_CLASS = YES_ERROR;
				CLANG_WARN_QUOTED_INCLUDE_IN_FRAMEWORK_HEADER = YES;
				CLANG_WARN_RANGE_LOOP_ANALYSIS = YES;
				CLANG_WARN_STRICT_PROTOTYPES = YES;
				CLANG_WARN_SUSPICIOUS_MOVE = YES;
				CLANG_WARN_UNGUARDED_AVAILABILITY = YES_AGGRESSIVE;
				CLANG_WARN_UNREACHABLE_CODE = YES;
				CLANG_WARN__DUPLICATE_METHOD_MATCH = YES;
				COPY_PHASE_STRIP = NO;
				DEBUG_INFORMATION_FORMAT = dwarf;
				ENABLE_STRICT_OBJC_MSGSEND = YES;
				ENABLE_TESTABILITY = YES;
				GCC_C_LANGUAGE_STANDARD = gnu11;
				GCC_DYNAMIC_NO_PIC = NO;
				GCC_NO_COMMON_BLOCKS = YES;
				GCC_OPTIMIZATION_LEVEL = 0;
				GCC_PREPROCESSOR_DEFINITIONS = (
					"DEBUG=1",
					"$(inherited)",
				);
				GCC_WARN_64_TO_32_BIT_CONVERSION = YES;
				GCC_WARN_ABOUT_RETURN_TYPE = YES_ERROR;
				GCC_WARN_UNDECLARED_SELECTOR = YES;
				GCC_WARN_UNINITIALIZED_AUTOS = YES_AGGRESSIVE;
				GCC_WARN_UNUSED_FUNCTION = YES;
				GCC_WARN_UNUSED_VARIABLE = YES;
				MACOSX_DEPLOYMENT_TARGET = 12.6;
				MTL_ENABLE_DEBUG_INFO = INCLUDE_SOURCE;
				MTL_FAST_MATH = YES;
				ONLY_ACTIVE_ARCH = YES;
				SDKROOT = macosx;
			};
			name = Debug;
		};
		DE192D02294A561D009E1504 /* Release */ = {
			isa = XCBuildConfiguration;
			buildSettings = {
				ALWAYS_SEARCH_USER_PATHS = NO;
				CLANG_ANALYZER_NONNULL = YES;
				CLANG_ANALYZER_NUMBER_OBJECT_CONVERSION = YES_AGGRESSIVE;
				CLANG_CXX_LANGUAGE_STANDARD = "gnu++20";
				CLANG_ENABLE_MODULES = YES;
				CLANG_ENABLE_OBJC_ARC = YES;
				CLANG_ENABLE_OBJC_WEAK = YES;
				CLANG_WARN_BLOCK_CAPTURE_AUTORELEASING = YES;
				CLANG_WARN_BOOL_CONVERSION = YES;
				CLANG_WARN_COMMA = YES;
				CLANG_WARN_CONSTANT_CONVERSION = YES;
				CLANG_WARN_DEPRECATED_OBJC_IMPLEMENTATIONS = YES;
				CLANG_WARN_DIRECT_OBJC_ISA_USAGE = YES_ERROR;
				CLANG_WARN_DOCUMENTATION_COMMENTS = YES;
				CLANG_WARN_EMPTY_BODY = YES;
				CLANG_WARN_ENUM_CONVERSION = YES;
				CLANG_WARN_INFINITE_RECURSION = YES;
				CLANG_WARN_INT_CONVERSION = YES;
				CLANG_WARN_NON_LITERAL_NULL_CONVERSION = YES;
				CLANG_WARN_OBJC_IMPLICIT_RETAIN_SELF = YES;
				CLANG_WARN_OBJC_LITERAL_CONVERSION = YES;
				CLANG_WARN_OBJC_ROOT_CLASS = YES_ERROR;
				CLANG_WARN_QUOTED_INCLUDE_IN_FRAMEWORK_HEADER = YES;
				CLANG_WARN_RANGE_LOOP_ANALYSIS = YES;
				CLANG_WARN_STRICT_PROTOTYPES = YES;
				CLANG_WARN_SUSPICIOUS_MOVE = YES;
				CLANG_WARN_UNGUARDED_AVAILABILITY = YES_AGGRESSIVE;
				CLANG_WARN_UNREACHABLE_CODE = YES;
				CLANG_WARN__DUPLICATE_METHOD_MATCH = YES;
				COPY_PHASE_STRIP = NO;
				DEBUG_INFORMATION_FORMAT = "dwarf-with-dsym";
				ENABLE_NS_ASSERTIONS = NO;
				ENABLE_STRICT_OBJC_MSGSEND = YES;
				GCC_C_LANGUAGE_STANDARD = gnu11;
				GCC_NO_COMMON_BLOCKS = YES;
				GCC_WARN_64_TO_32_BIT_CONVERSION = YES;
				GCC_WARN_ABOUT_RETURN_TYPE = YES_ERROR;
				GCC_WARN_UNDECLARED_SELECTOR = YES;
				GCC_WARN_UNINITIALIZED_AUTOS = YES_AGGRESSIVE;
				GCC_WARN_UNUSED_FUNCTION = YES;
				GCC_WARN_UNUSED_VARIABLE = YES;
				MACOSX_DEPLOYMENT_TARGET = 12.6;
				MTL_ENABLE_DEBUG_INFO = NO;
				MTL_FAST_MATH = YES;
				SDKROOT = macosx;
			};
			name = Release;
		};
		DE192D04294A561D009E1504 /* Debug */ = {
			isa = XCBuildConfiguration;
			buildSettings = {
				CODE_SIGN_STYLE = Automatic;
				PRODUCT_NAME = "$(TARGET_NAME)";
			};
			name = Debug;
		};
		DE192D05294A561D009E1504 /* Release */ = {
			isa = XCBuildConfiguration;
			buildSettings = {
				CODE_SIGN_STYLE = Automatic;
				PRODUCT_NAME = "$(TARGET_NAME)";
			};
			name = Release;
		};
/* End XCBuildConfiguration section */

/* Begin XCConfigurationList section */
		DE192CF7294A561D009E1504 /* Build configuration list for PBXProject "problem 2 od terky" */ = {
			isa = XCConfigurationList;
			buildConfigurations = (
				DE192D01294A561D009E1504 /* Debug */,
				DE192D02294A561D009E1504 /* Release */,
			);
			defaultConfigurationIsVisible = 0;
			defaultConfigurationName = Release;
		};
		DE192D03294A561D009E1504 /* Build configuration list for PBXNativeTarget "problem 2 od terky" */ = {
			isa = XCConfigurationList;
			buildConfigurations = (
				DE192D04294A561D009E1504 /* Debug */,
				DE192D05294A561D009E1504 /* Release */,
			);
			defaultConfigurationIsVisible = 0;
			defaultConfigurationName = Release;
		};
/* End XCConfigurationList section */
	};
	rootObject = DE192CF4294A561D009E1504 /* Project object */;
}
