// !$*UTF8*$!
{
	archiveVersion = 1;
	classes = {
	};
	objectVersion = 56;
	objects = {

/* Begin PBXBuildFile section */
		DE4617432948B37D002D910E /* main.cpp in Sources */ = {isa = PBXBuildFile; fileRef = DE4617422948B37D002D910E /* main.cpp */; };
		DE4617532948B3A9002D910E /* Tesla.cpp in Sources */ = {isa = PBXBuildFile; fileRef = DE46174A2948B3A9002D910E /* Tesla.cpp */; };
		DE4617542948B3A9002D910E /* Game.cpp in Sources */ = {isa = PBXBuildFile; fileRef = DE46174D2948B3A9002D910E /* Game.cpp */; };
		DE4617562948B3A9002D910E /* Maze.cpp in Sources */ = {isa = PBXBuildFile; fileRef = DE4617502948B3A9002D910E /* Maze.cpp */; };
		DE4617592948BB11002D910E /* MapTest.cpp in Sources */ = {isa = PBXBuildFile; fileRef = DE4617572948BB11002D910E /* MapTest.cpp */; };
		DE46175C2948BB68002D910E /* Test.cpp in Sources */ = {isa = PBXBuildFile; fileRef = DE46175A2948BB68002D910E /* Test.cpp */; };
		DE46175F2948BB72002D910E /* Suite.cpp in Sources */ = {isa = PBXBuildFile; fileRef = DE46175D2948BB72002D910E /* Suite.cpp */; };
/* End PBXBuildFile section */

/* Begin PBXCopyFilesBuildPhase section */
		DE46173D2948B37D002D910E /* CopyFiles */ = {
			isa = PBXCopyFilesBuildPhase;
			buildActionMask = 2147483647;
			dstPath = /usr/share/man/man1/;
			dstSubfolderSpec = 0;
			files = (
			);
			runOnlyForDeploymentPostprocessing = 1;
		};
/* End PBXCopyFilesBuildPhase section */

/* Begin PBXFileReference section */
		DE46173F2948B37D002D910E /* 4 cviko */ = {isa = PBXFileReference; explicitFileType = "compiled.mach-o.executable"; includeInIndex = 0; path = "4 cviko"; sourceTree = BUILT_PRODUCTS_DIR; };
		DE4617422948B37D002D910E /* main.cpp */ = {isa = PBXFileReference; lastKnownFileType = sourcecode.cpp.cpp; path = main.cpp; sourceTree = "<group>"; };
		DE46174A2948B3A9002D910E /* Tesla.cpp */ = {isa = PBXFileReference; fileEncoding = 4; lastKnownFileType = sourcecode.cpp.cpp; path = Tesla.cpp; sourceTree = "<group>"; };
		DE46174B2948B3A9002D910E /* Tesla.hpp */ = {isa = PBXFileReference; fileEncoding = 4; lastKnownFileType = sourcecode.cpp.h; path = Tesla.hpp; sourceTree = "<group>"; };
		DE46174C2948B3A9002D910E /* Maze.hpp */ = {isa = PBXFileReference; fileEncoding = 4; lastKnownFileType = sourcecode.cpp.h; path = Maze.hpp; sourceTree = "<group>"; };
		DE46174D2948B3A9002D910E /* Game.cpp */ = {isa = PBXFileReference; fileEncoding = 4; lastKnownFileType = sourcecode.cpp.cpp; path = Game.cpp; sourceTree = "<group>"; };
		DE46174F2948B3A9002D910E /* Game.hpp */ = {isa = PBXFileReference; fileEncoding = 4; lastKnownFileType = sourcecode.cpp.h; path = Game.hpp; sourceTree = "<group>"; };
		DE4617502948B3A9002D910E /* Maze.cpp */ = {isa = PBXFileReference; fileEncoding = 4; lastKnownFileType = sourcecode.cpp.cpp; path = Maze.cpp; sourceTree = "<group>"; };
		DE4617572948BB11002D910E /* MapTest.cpp */ = {isa = PBXFileReference; lastKnownFileType = sourcecode.cpp.cpp; path = MapTest.cpp; sourceTree = "<group>"; };
		DE4617582948BB11002D910E /* MapTest.hpp */ = {isa = PBXFileReference; lastKnownFileType = sourcecode.cpp.h; path = MapTest.hpp; sourceTree = "<group>"; };
		DE46175A2948BB68002D910E /* Test.cpp */ = {isa = PBXFileReference; lastKnownFileType = sourcecode.cpp.cpp; path = Test.cpp; sourceTree = "<group>"; };
		DE46175B2948BB68002D910E /* Test.hpp */ = {isa = PBXFileReference; lastKnownFileType = sourcecode.cpp.h; path = Test.hpp; sourceTree = "<group>"; };
		DE46175D2948BB72002D910E /* Suite.cpp */ = {isa = PBXFileReference; lastKnownFileType = sourcecode.cpp.cpp; path = Suite.cpp; sourceTree = "<group>"; };
		DE46175E2948BB72002D910E /* Suite.hpp */ = {isa = PBXFileReference; lastKnownFileType = sourcecode.cpp.h; path = Suite.hpp; sourceTree = "<group>"; };
/* End PBXFileReference section */

/* Begin PBXFrameworksBuildPhase section */
		DE46173C2948B37D002D910E /* Frameworks */ = {
			isa = PBXFrameworksBuildPhase;
			buildActionMask = 2147483647;
			files = (
			);
			runOnlyForDeploymentPostprocessing = 0;
		};
/* End PBXFrameworksBuildPhase section */

/* Begin PBXGroup section */
		DE4617362948B37D002D910E = {
			isa = PBXGroup;
			children = (
				DE4617412948B37D002D910E /* 4 cviko */,
				DE4617402948B37D002D910E /* Products */,
			);
			sourceTree = "<group>";
		};
		DE4617402948B37D002D910E /* Products */ = {
			isa = PBXGroup;
			children = (
				DE46173F2948B37D002D910E /* 4 cviko */,
			);
			name = Products;
			sourceTree = "<group>";
		};
		DE4617412948B37D002D910E /* 4 cviko */ = {
			isa = PBXGroup;
			children = (
				DE46174D2948B3A9002D910E /* Game.cpp */,
				DE46174F2948B3A9002D910E /* Game.hpp */,
				DE4617502948B3A9002D910E /* Maze.cpp */,
				DE46174C2948B3A9002D910E /* Maze.hpp */,
				DE46174A2948B3A9002D910E /* Tesla.cpp */,
				DE46174B2948B3A9002D910E /* Tesla.hpp */,
				DE4617422948B37D002D910E /* main.cpp */,
				DE4617572948BB11002D910E /* MapTest.cpp */,
				DE4617582948BB11002D910E /* MapTest.hpp */,
				DE46175A2948BB68002D910E /* Test.cpp */,
				DE46175B2948BB68002D910E /* Test.hpp */,
				DE46175D2948BB72002D910E /* Suite.cpp */,
				DE46175E2948BB72002D910E /* Suite.hpp */,
			);
			path = "4 cviko";
			sourceTree = "<group>";
		};
/* End PBXGroup section */

/* Begin PBXNativeTarget section */
		DE46173E2948B37D002D910E /* 4 cviko */ = {
			isa = PBXNativeTarget;
			buildConfigurationList = DE4617462948B37D002D910E /* Build configuration list for PBXNativeTarget "4 cviko" */;
			buildPhases = (
				DE46173B2948B37D002D910E /* Sources */,
				DE46173C2948B37D002D910E /* Frameworks */,
				DE46173D2948B37D002D910E /* CopyFiles */,
			);
			buildRules = (
			);
			dependencies = (
			);
			name = "4 cviko";
			productName = "4 cviko";
			productReference = DE46173F2948B37D002D910E /* 4 cviko */;
			productType = "com.apple.product-type.tool";
		};
/* End PBXNativeTarget section */

/* Begin PBXProject section */
		DE4617372948B37D002D910E /* Project object */ = {
			isa = PBXProject;
			attributes = {
				BuildIndependentTargetsInParallel = 1;
				LastUpgradeCheck = 1410;
				TargetAttributes = {
					DE46173E2948B37D002D910E = {
						CreatedOnToolsVersion = 14.1;
					};
				};
			};
			buildConfigurationList = DE46173A2948B37D002D910E /* Build configuration list for PBXProject "4 cviko" */;
			compatibilityVersion = "Xcode 14.0";
			developmentRegion = en;
			hasScannedForEncodings = 0;
			knownRegions = (
				en,
				Base,
			);
			mainGroup = DE4617362948B37D002D910E;
			productRefGroup = DE4617402948B37D002D910E /* Products */;
			projectDirPath = "";
			projectRoot = "";
			targets = (
				DE46173E2948B37D002D910E /* 4 cviko */,
			);
		};
/* End PBXProject section */

/* Begin PBXSourcesBuildPhase section */
		DE46173B2948B37D002D910E /* Sources */ = {
			isa = PBXSourcesBuildPhase;
			buildActionMask = 2147483647;
			files = (
				DE4617562948B3A9002D910E /* Maze.cpp in Sources */,
				DE4617592948BB11002D910E /* MapTest.cpp in Sources */,
				DE4617532948B3A9002D910E /* Tesla.cpp in Sources */,
				DE46175C2948BB68002D910E /* Test.cpp in Sources */,
				DE4617432948B37D002D910E /* main.cpp in Sources */,
				DE4617542948B3A9002D910E /* Game.cpp in Sources */,
				DE46175F2948BB72002D910E /* Suite.cpp in Sources */,
			);
			runOnlyForDeploymentPostprocessing = 0;
		};
/* End PBXSourcesBuildPhase section */

/* Begin XCBuildConfiguration section */
		DE4617442948B37D002D910E /* Debug */ = {
			isa = XCBuildConfiguration;
			buildSettings = {
				ALWAYS_SEARCH_USER_PATHS = NO;
				CLANG_ANALYZER_NONNULL = YES;
				CLANG_ANALYZER_NUMBER_OBJECT_CONVERSION = YES_AGGRESSIVE;
				CLANG_CXX_LANGUAGE_STANDARD = "gnu++20";
				CLANG_ENABLE_MODULES = YES;
				CLANG_ENABLE_OBJC_ARC = YES;
				CLANG_ENABLE_OBJC_WEAK = YES;
				CLANG_WARN_BLOCK_CAPTURE_AUTORELEASING = YES;
				CLANG_WARN_BOOL_CONVERSION = YES;
				CLANG_WARN_COMMA = YES;
				CLANG_WARN_CONSTANT_CONVERSION = YES;
				CLANG_WARN_DEPRECATED_OBJC_IMPLEMENTATIONS = YES;
				CLANG_WARN_DIRECT_OBJC_ISA_USAGE = YES_ERROR;
				CLANG_WARN_DOCUMENTATION_COMMENTS = YES;
				CLANG_WARN_EMPTY_BODY = YES;
				CLANG_WARN_ENUM_CONVERSION = YES;
				CLANG_WARN_INFINITE_RECURSION = YES;
				CLANG_WARN_INT_CONVERSION = YES;
				CLANG_WARN_NON_LITERAL_NULL_CONVERSION = YES;
				CLANG_WARN_OBJC_IMPLICIT_RETAIN_SELF = YES;
				CLANG_WARN_OBJC_LITERAL_CONVERSION = YES;
				CLANG_WARN_OBJC_ROOT_CLASS = YES_ERROR;
				CLANG_WARN_QUOTED_INCLUDE_IN_FRAMEWORK_HEADER = YES;
				CLANG_WARN_RANGE_LOOP_ANALYSIS = YES;
				CLANG_WARN_STRICT_PROTOTYPES = YES;
				CLANG_WARN_SUSPICIOUS_MOVE = YES;
				CLANG_WARN_UNGUARDED_AVAILABILITY = YES_AGGRESSIVE;
				CLANG_WARN_UNREACHABLE_CODE = YES;
				CLANG_WARN__DUPLICATE_METHOD_MATCH = YES;
				COPY_PHASE_STRIP = NO;
				DEBUG_INFORMATION_FORMAT = dwarf;
				ENABLE_STRICT_OBJC_MSGSEND = YES;
				ENABLE_TESTABILITY = YES;
				GCC_C_LANGUAGE_STANDARD = gnu11;
				GCC_DYNAMIC_NO_PIC = NO;
				GCC_NO_COMMON_BLOCKS = YES;
				GCC_OPTIMIZATION_LEVEL = 0;
				GCC_PREPROCESSOR_DEFINITIONS = (
					"DEBUG=1",
					"$(inherited)",
				);
				GCC_WARN_64_TO_32_BIT_CONVERSION = YES;
				GCC_WARN_ABOUT_RETURN_TYPE = YES_ERROR;
				GCC_WARN_UNDECLARED_SELECTOR = YES;
				GCC_WARN_UNINITIALIZED_AUTOS = YES_AGGRESSIVE;
				GCC_WARN_UNUSED_FUNCTION = YES;
				GCC_WARN_UNUSED_VARIABLE = YES;
				MACOSX_DEPLOYMENT_TARGET = 12.6;
				MTL_ENABLE_DEBUG_INFO = INCLUDE_SOURCE;
				MTL_FAST_MATH = YES;
				ONLY_ACTIVE_ARCH = YES;
				SDKROOT = macosx;
			};
			name = Debug;
		};
		DE4617452948B37D002D910E /* Release */ = {
			isa = XCBuildConfiguration;
			buildSettings = {
				ALWAYS_SEARCH_USER_PATHS = NO;
				CLANG_ANALYZER_NONNULL = YES;
				CLANG_ANALYZER_NUMBER_OBJECT_CONVERSION = YES_AGGRESSIVE;
				CLANG_CXX_LANGUAGE_STANDARD = "gnu++20";
				CLANG_ENABLE_MODULES = YES;
				CLANG_ENABLE_OBJC_ARC = YES;
				CLANG_ENABLE_OBJC_WEAK = YES;
				CLANG_WARN_BLOCK_CAPTURE_AUTORELEASING = YES;
				CLANG_WARN_BOOL_CONVERSION = YES;
				CLANG_WARN_COMMA = YES;
				CLANG_WARN_CONSTANT_CONVERSION = YES;
				CLANG_WARN_DEPRECATED_OBJC_IMPLEMENTATIONS = YES;
				CLANG_WARN_DIRECT_OBJC_ISA_USAGE = YES_ERROR;
				CLANG_WARN_DOCUMENTATION_COMMENTS = YES;
				CLANG_WARN_EMPTY_BODY = YES;
				CLANG_WARN_ENUM_CONVERSION = YES;
				CLANG_WARN_INFINITE_RECURSION = YES;
				CLANG_WARN_INT_CONVERSION = YES;
				CLANG_WARN_NON_LITERAL_NULL_CONVERSION = YES;
				CLANG_WARN_OBJC_IMPLICIT_RETAIN_SELF = YES;
				CLANG_WARN_OBJC_LITERAL_CONVERSION = YES;
				CLANG_WARN_OBJC_ROOT_CLASS = YES_ERROR;
				CLANG_WARN_QUOTED_INCLUDE_IN_FRAMEWORK_HEADER = YES;
				CLANG_WARN_RANGE_LOOP_ANALYSIS = YES;
				CLANG_WARN_STRICT_PROTOTYPES = YES;
				CLANG_WARN_SUSPICIOUS_MOVE = YES;
				CLANG_WARN_UNGUARDED_AVAILABILITY = YES_AGGRESSIVE;
				CLANG_WARN_UNREACHABLE_CODE = YES;
				CLANG_WARN__DUPLICATE_METHOD_MATCH = YES;
				COPY_PHASE_STRIP = NO;
				DEBUG_INFORMATION_FORMAT = "dwarf-with-dsym";
				ENABLE_NS_ASSERTIONS = NO;
				ENABLE_STRICT_OBJC_MSGSEND = YES;
				GCC_C_LANGUAGE_STANDARD = gnu11;
				GCC_NO_COMMON_BLOCKS = YES;
				GCC_WARN_64_TO_32_BIT_CONVERSION = YES;
				GCC_WARN_ABOUT_RETURN_TYPE = YES_ERROR;
				GCC_WARN_UNDECLARED_SELECTOR = YES;
				GCC_WARN_UNINITIALIZED_AUTOS = YES_AGGRESSIVE;
				GCC_WARN_UNUSED_FUNCTION = YES;
				GCC_WARN_UNUSED_VARIABLE = YES;
				MACOSX_DEPLOYMENT_TARGET = 12.6;
				MTL_ENABLE_DEBUG_INFO = NO;
				MTL_FAST_MATH = YES;
				SDKROOT = macosx;
			};
			name = Release;
		};
		DE4617472948B37D002D910E /* Debug */ = {
			isa = XCBuildConfiguration;
			buildSettings = {
				CODE_SIGN_STYLE = Automatic;
				PRODUCT_NAME = "$(TARGET_NAME)";
			};
			name = Debug;
		};
		DE4617482948B37D002D910E /* Release */ = {
			isa = XCBuildConfiguration;
			buildSettings = {
				CODE_SIGN_STYLE = Automatic;
				PRODUCT_NAME = "$(TARGET_NAME)";
			};
			name = Release;
		};
/* End XCBuildConfiguration section */

/* Begin XCConfigurationList section */
		DE46173A2948B37D002D910E /* Build configuration list for PBXProject "4 cviko" */ = {
			isa = XCConfigurationList;
			buildConfigurations = (
				DE4617442948B37D002D910E /* Debug */,
				DE4617452948B37D002D910E /* Release */,
			);
			defaultConfigurationIsVisible = 0;
			defaultConfigurationName = Release;
		};
		DE4617462948B37D002D910E /* Build configuration list for PBXNativeTarget "4 cviko" */ = {
			isa = XCConfigurationList;
			buildConfigurations = (
				DE4617472948B37D002D910E /* Debug */,
				DE4617482948B37D002D910E /* Release */,
			);
			defaultConfigurationIsVisible = 0;
			defaultConfigurationName = Release;
		};
/* End XCConfigurationList section */
	};
	rootObject = DE4617372948B37D002D910E /* Project object */;
}
