// !$*UTF8*$!
{
	archiveVersion = 1;
	classes = {
	};
	objectVersion = 56;
	objects = {

/* Begin PBXBuildFile section */
		DECDC3C2294B32F9001708B2 /* main.cpp in Sources */ = {isa = PBXBuildFile; fileRef = DECDC3C1294B32F9001708B2 /* main.cpp */; };
		DECDC3D1294B3326001708B2 /* IceSkatingRink.cpp in Sources */ = {isa = PBXBuildFile; fileRef = DECDC3C9294B3325001708B2 /* IceSkatingRink.cpp */; };
		DECDC3D2294B3326001708B2 /* Ticket.cpp in Sources */ = {isa = PBXBuildFile; fileRef = DECDC3CE294B3326001708B2 /* Ticket.cpp */; };
/* End PBXBuildFile section */

/* Begin PBXCopyFilesBuildPhase section */
		DECDC3BC294B32F9001708B2 /* CopyFiles */ = {
			isa = PBXCopyFilesBuildPhase;
			buildActionMask = 2147483647;
			dstPath = /usr/share/man/man1/;
			dstSubfolderSpec = 0;
			files = (
			);
			runOnlyForDeploymentPostprocessing = 1;
		};
/* End PBXCopyFilesBuildPhase section */

/* Begin PBXFileReference section */
		DECDC3BE294B32F9001708B2 /* problem 4 */ = {isa = PBXFileReference; explicitFileType = "compiled.mach-o.executable"; includeInIndex = 0; path = "problem 4"; sourceTree = BUILT_PRODUCTS_DIR; };
		DECDC3C1294B32F9001708B2 /* main.cpp */ = {isa = PBXFileReference; lastKnownFileType = sourcecode.cpp.cpp; path = main.cpp; sourceTree = "<group>"; };
		DECDC3C8294B3325001708B2 /* TicketTest.h */ = {isa = PBXFileReference; fileEncoding = 4; lastKnownFileType = sourcecode.c.h; path = TicketTest.h; sourceTree = "<group>"; };
		DECDC3C9294B3325001708B2 /* IceSkatingRink.cpp */ = {isa = PBXFileReference; fileEncoding = 4; lastKnownFileType = sourcecode.cpp.cpp; path = IceSkatingRink.cpp; sourceTree = "<group>"; };
		DECDC3CA294B3326001708B2 /* Ticket.hpp */ = {isa = PBXFileReference; fileEncoding = 4; lastKnownFileType = sourcecode.cpp.h; path = Ticket.hpp; sourceTree = "<group>"; };
		DECDC3CB294B3326001708B2 /* IceSkatingRink.hpp */ = {isa = PBXFileReference; fileEncoding = 4; lastKnownFileType = sourcecode.cpp.h; path = IceSkatingRink.hpp; sourceTree = "<group>"; };
		DECDC3CC294B3326001708B2 /* IceSkatingRinkTest.h */ = {isa = PBXFileReference; fileEncoding = 4; lastKnownFileType = sourcecode.c.h; path = IceSkatingRinkTest.h; sourceTree = "<group>"; };
		DECDC3CD294B3326001708B2 /* TestSuite */ = {isa = PBXFileReference; lastKnownFileType = folder; path = TestSuite; sourceTree = "<group>"; };
		DECDC3CE294B3326001708B2 /* Ticket.cpp */ = {isa = PBXFileReference; fileEncoding = 4; lastKnownFileType = sourcecode.cpp.cpp; path = Ticket.cpp; sourceTree = "<group>"; };
		DECDC3CF294B3326001708B2 /* TicketState.h */ = {isa = PBXFileReference; fileEncoding = 4; lastKnownFileType = sourcecode.c.h; path = TicketState.h; sourceTree = "<group>"; };
/* End PBXFileReference section */

/* Begin PBXFrameworksBuildPhase section */
		DECDC3BB294B32F9001708B2 /* Frameworks */ = {
			isa = PBXFrameworksBuildPhase;
			buildActionMask = 2147483647;
			files = (
			);
			runOnlyForDeploymentPostprocessing = 0;
		};
/* End PBXFrameworksBuildPhase section */

/* Begin PBXGroup section */
		DECDC3B5294B32F9001708B2 = {
			isa = PBXGroup;
			children = (
				DECDC3C0294B32F9001708B2 /* problem 4 */,
				DECDC3BF294B32F9001708B2 /* Products */,
			);
			sourceTree = "<group>";
		};
		DECDC3BF294B32F9001708B2 /* Products */ = {
			isa = PBXGroup;
			children = (
				DECDC3BE294B32F9001708B2 /* problem 4 */,
			);
			name = Products;
			sourceTree = "<group>";
		};
		DECDC3C0294B32F9001708B2 /* problem 4 */ = {
			isa = PBXGroup;
			children = (
				DECDC3C9294B3325001708B2 /* IceSkatingRink.cpp */,
				DECDC3CB294B3326001708B2 /* IceSkatingRink.hpp */,
				DECDC3CC294B3326001708B2 /* IceSkatingRinkTest.h */,
				DECDC3CD294B3326001708B2 /* TestSuite */,
				DECDC3CE294B3326001708B2 /* Ticket.cpp */,
				DECDC3CA294B3326001708B2 /* Ticket.hpp */,
				DECDC3CF294B3326001708B2 /* TicketState.h */,
				DECDC3C8294B3325001708B2 /* TicketTest.h */,
				DECDC3C1294B32F9001708B2 /* main.cpp */,
			);
			path = "problem 4";
			sourceTree = "<group>";
		};
/* End PBXGroup section */

/* Begin PBXNativeTarget section */
		DECDC3BD294B32F9001708B2 /* problem 4 */ = {
			isa = PBXNativeTarget;
			buildConfigurationList = DECDC3C5294B32F9001708B2 /* Build configuration list for PBXNativeTarget "problem 4" */;
			buildPhases = (
				DECDC3BA294B32F9001708B2 /* Sources */,
				DECDC3BB294B32F9001708B2 /* Frameworks */,
				DECDC3BC294B32F9001708B2 /* CopyFiles */,
			);
			buildRules = (
			);
			dependencies = (
			);
			name = "problem 4";
			productName = "problem 4";
			productReference = DECDC3BE294B32F9001708B2 /* problem 4 */;
			productType = "com.apple.product-type.tool";
		};
/* End PBXNativeTarget section */

/* Begin PBXProject section */
		DECDC3B6294B32F9001708B2 /* Project object */ = {
			isa = PBXProject;
			attributes = {
				BuildIndependentTargetsInParallel = 1;
				LastUpgradeCheck = 1420;
				TargetAttributes = {
					DECDC3BD294B32F9001708B2 = {
						CreatedOnToolsVersion = 14.2;
					};
				};
			};
			buildConfigurationList = DECDC3B9294B32F9001708B2 /* Build configuration list for PBXProject "problem 4" */;
			compatibilityVersion = "Xcode 14.0";
			developmentRegion = en;
			hasScannedForEncodings = 0;
			knownRegions = (
				en,
				Base,
			);
			mainGroup = DECDC3B5294B32F9001708B2;
			productRefGroup = DECDC3BF294B32F9001708B2 /* Products */;
			projectDirPath = "";
			projectRoot = "";
			targets = (
				DECDC3BD294B32F9001708B2 /* problem 4 */,
			);
		};
/* End PBXProject section */

/* Begin PBXSourcesBuildPhase section */
		DECDC3BA294B32F9001708B2 /* Sources */ = {
			isa = PBXSourcesBuildPhase;
			buildActionMask = 2147483647;
			files = (
				DECDC3C2294B32F9001708B2 /* main.cpp in Sources */,
				DECDC3D2294B3326001708B2 /* Ticket.cpp in Sources */,
				DECDC3D1294B3326001708B2 /* IceSkatingRink.cpp in Sources */,
			);
			runOnlyForDeploymentPostprocessing = 0;
		};
/* End PBXSourcesBuildPhase section */

/* Begin XCBuildConfiguration section */
		DECDC3C3294B32F9001708B2 /* Debug */ = {
			isa = XCBuildConfiguration;
			buildSettings = {
				ALWAYS_SEARCH_USER_PATHS = NO;
				CLANG_ANALYZER_NONNULL = YES;
				CLANG_ANALYZER_NUMBER_OBJECT_CONVERSION = YES_AGGRESSIVE;
				CLANG_CXX_LANGUAGE_STANDARD = "gnu++20";
				CLANG_ENABLE_MODULES = YES;
				CLANG_ENABLE_OBJC_ARC = YES;
				CLANG_ENABLE_OBJC_WEAK = YES;
				CLANG_WARN_BLOCK_CAPTURE_AUTORELEASING = YES;
				CLANG_WARN_BOOL_CONVERSION = YES;
				CLANG_WARN_COMMA = YES;
				CLANG_WARN_CONSTANT_CONVERSION = YES;
				CLANG_WARN_DEPRECATED_OBJC_IMPLEMENTATIONS = YES;
				CLANG_WARN_DIRECT_OBJC_ISA_USAGE = YES_ERROR;
				CLANG_WARN_DOCUMENTATION_COMMENTS = YES;
				CLANG_WARN_EMPTY_BODY = YES;
				CLANG_WARN_ENUM_CONVERSION = YES;
				CLANG_WARN_INFINITE_RECURSION = YES;
				CLANG_WARN_INT_CONVERSION = YES;
				CLANG_WARN_NON_LITERAL_NULL_CONVERSION = YES;
				CLANG_WARN_OBJC_IMPLICIT_RETAIN_SELF = YES;
				CLANG_WARN_OBJC_LITERAL_CONVERSION = YES;
				CLANG_WARN_OBJC_ROOT_CLASS = YES_ERROR;
				CLANG_WARN_QUOTED_INCLUDE_IN_FRAMEWORK_HEADER = YES;
				CLANG_WARN_RANGE_LOOP_ANALYSIS = YES;
				CLANG_WARN_STRICT_PROTOTYPES = YES;
				CLANG_WARN_SUSPICIOUS_MOVE = YES;
				CLANG_WARN_UNGUARDED_AVAILABILITY = YES_AGGRESSIVE;
				CLANG_WARN_UNREACHABLE_CODE = YES;
				CLANG_WARN__DUPLICATE_METHOD_MATCH = YES;
				COPY_PHASE_STRIP = NO;
				DEBUG_INFORMATION_FORMAT = dwarf;
				ENABLE_STRICT_OBJC_MSGSEND = YES;
				ENABLE_TESTABILITY = YES;
				GCC_C_LANGUAGE_STANDARD = gnu11;
				GCC_DYNAMIC_NO_PIC = NO;
				GCC_NO_COMMON_BLOCKS = YES;
				GCC_OPTIMIZATION_LEVEL = 0;
				GCC_PREPROCESSOR_DEFINITIONS = (
					"DEBUG=1",
					"$(inherited)",
				);
				GCC_WARN_64_TO_32_BIT_CONVERSION = YES;
				GCC_WARN_ABOUT_RETURN_TYPE = YES_ERROR;
				GCC_WARN_UNDECLARED_SELECTOR = YES;
				GCC_WARN_UNINITIALIZED_AUTOS = YES_AGGRESSIVE;
				GCC_WARN_UNUSED_FUNCTION = YES;
				GCC_WARN_UNUSED_VARIABLE = YES;
				MACOSX_DEPLOYMENT_TARGET = 12.6;
				MTL_ENABLE_DEBUG_INFO = INCLUDE_SOURCE;
				MTL_FAST_MATH = YES;
				ONLY_ACTIVE_ARCH = YES;
				SDKROOT = macosx;
			};
			name = Debug;
		};
		DECDC3C4294B32F9001708B2 /* Release */ = {
			isa = XCBuildConfiguration;
			buildSettings = {
				ALWAYS_SEARCH_USER_PATHS = NO;
				CLANG_ANALYZER_NONNULL = YES;
				CLANG_ANALYZER_NUMBER_OBJECT_CONVERSION = YES_AGGRESSIVE;
				CLANG_CXX_LANGUAGE_STANDARD = "gnu++20";
				CLANG_ENABLE_MODULES = YES;
				CLANG_ENABLE_OBJC_ARC = YES;
				CLANG_ENABLE_OBJC_WEAK = YES;
				CLANG_WARN_BLOCK_CAPTURE_AUTORELEASING = YES;
				CLANG_WARN_BOOL_CONVERSION = YES;
				CLANG_WARN_COMMA = YES;
				CLANG_WARN_CONSTANT_CONVERSION = YES;
				CLANG_WARN_DEPRECATED_OBJC_IMPLEMENTATIONS = YES;
				CLANG_WARN_DIRECT_OBJC_ISA_USAGE = YES_ERROR;
				CLANG_WARN_DOCUMENTATION_COMMENTS = YES;
				CLANG_WARN_EMPTY_BODY = YES;
				CLANG_WARN_ENUM_CONVERSION = YES;
				CLANG_WARN_INFINITE_RECURSION = YES;
				CLANG_WARN_INT_CONVERSION = YES;
				CLANG_WARN_NON_LITERAL_NULL_CONVERSION = YES;
				CLANG_WARN_OBJC_IMPLICIT_RETAIN_SELF = YES;
				CLANG_WARN_OBJC_LITERAL_CONVERSION = YES;
				CLANG_WARN_OBJC_ROOT_CLASS = YES_ERROR;
				CLANG_WARN_QUOTED_INCLUDE_IN_FRAMEWORK_HEADER = YES;
				CLANG_WARN_RANGE_LOOP_ANALYSIS = YES;
				CLANG_WARN_STRICT_PROTOTYPES = YES;
				CLANG_WARN_SUSPICIOUS_MOVE = YES;
				CLANG_WARN_UNGUARDED_AVAILABILITY = YES_AGGRESSIVE;
				CLANG_WARN_UNREACHABLE_CODE = YES;
				CLANG_WARN__DUPLICATE_METHOD_MATCH = YES;
				COPY_PHASE_STRIP = NO;
				DEBUG_INFORMATION_FORMAT = "dwarf-with-dsym";
				ENABLE_NS_ASSERTIONS = NO;
				ENABLE_STRICT_OBJC_MSGSEND = YES;
				GCC_C_LANGUAGE_STANDARD = gnu11;
				GCC_NO_COMMON_BLOCKS = YES;
				GCC_WARN_64_TO_32_BIT_CONVERSION = YES;
				GCC_WARN_ABOUT_RETURN_TYPE = YES_ERROR;
				GCC_WARN_UNDECLARED_SELECTOR = YES;
				GCC_WARN_UNINITIALIZED_AUTOS = YES_AGGRESSIVE;
				GCC_WARN_UNUSED_FUNCTION = YES;
				GCC_WARN_UNUSED_VARIABLE = YES;
				MACOSX_DEPLOYMENT_TARGET = 12.6;
				MTL_ENABLE_DEBUG_INFO = NO;
				MTL_FAST_MATH = YES;
				SDKROOT = macosx;
			};
			name = Release;
		};
		DECDC3C6294B32F9001708B2 /* Debug */ = {
			isa = XCBuildConfiguration;
			buildSettings = {
				CODE_SIGN_STYLE = Automatic;
				PRODUCT_NAME = "$(TARGET_NAME)";
			};
			name = Debug;
		};
		DECDC3C7294B32F9001708B2 /* Release */ = {
			isa = XCBuildConfiguration;
			buildSettings = {
				CODE_SIGN_STYLE = Automatic;
				PRODUCT_NAME = "$(TARGET_NAME)";
			};
			name = Release;
		};
/* End XCBuildConfiguration section */

/* Begin XCConfigurationList section */
		DECDC3B9294B32F9001708B2 /* Build configuration list for PBXProject "problem 4" */ = {
			isa = XCConfigurationList;
			buildConfigurations = (
				DECDC3C3294B32F9001708B2 /* Debug */,
				DECDC3C4294B32F9001708B2 /* Release */,
			);
			defaultConfigurationIsVisible = 0;
			defaultConfigurationName = Release;
		};
		DECDC3C5294B32F9001708B2 /* Build configuration list for PBXNativeTarget "problem 4" */ = {
			isa = XCConfigurationList;
			buildConfigurations = (
				DECDC3C6294B32F9001708B2 /* Debug */,
				DECDC3C7294B32F9001708B2 /* Release */,
			);
			defaultConfigurationIsVisible = 0;
			defaultConfigurationName = Release;
		};
/* End XCConfigurationList section */
	};
	rootObject = DECDC3B6294B32F9001708B2 /* Project object */;
}
