// !$*UTF8*$!
{
	archiveVersion = 1;
	classes = {
	};
	objectVersion = 56;
	objects = {

/* Begin PBXBuildFile section */
		DE62462729463E1E005AFBF0 /* main.cpp in Sources */ = {isa = PBXBuildFile; fileRef = DE62462629463E1E005AFBF0 /* main.cpp */; };
		DE62462F29463E36005AFBF0 /* Game.cpp in Sources */ = {isa = PBXBuildFile; fileRef = DE62462D29463E36005AFBF0 /* Game.cpp */; };
		DE62463229463E4F005AFBF0 /* Dictionary.cpp in Sources */ = {isa = PBXBuildFile; fileRef = DE62463029463E4F005AFBF0 /* Dictionary.cpp */; };
		DE62463829463FE3005AFBF0 /* Word.cpp in Sources */ = {isa = PBXBuildFile; fileRef = DE62463629463FE3005AFBF0 /* Word.cpp */; };
/* End PBXBuildFile section */

/* Begin PBXCopyFilesBuildPhase section */
		DE62462129463E1E005AFBF0 /* CopyFiles */ = {
			isa = PBXCopyFilesBuildPhase;
			buildActionMask = 2147483647;
			dstPath = /usr/share/man/man1/;
			dstSubfolderSpec = 0;
			files = (
			);
			runOnlyForDeploymentPostprocessing = 1;
		};
/* End PBXCopyFilesBuildPhase section */

/* Begin PBXFileReference section */
		DE62462329463E1E005AFBF0 /* cviko 2 */ = {isa = PBXFileReference; explicitFileType = "compiled.mach-o.executable"; includeInIndex = 0; path = "cviko 2"; sourceTree = BUILT_PRODUCTS_DIR; };
		DE62462629463E1E005AFBF0 /* main.cpp */ = {isa = PBXFileReference; lastKnownFileType = sourcecode.cpp.cpp; path = main.cpp; sourceTree = "<group>"; };
		DE62462D29463E36005AFBF0 /* Game.cpp */ = {isa = PBXFileReference; lastKnownFileType = sourcecode.cpp.cpp; path = Game.cpp; sourceTree = "<group>"; };
		DE62462E29463E36005AFBF0 /* Game.hpp */ = {isa = PBXFileReference; lastKnownFileType = sourcecode.cpp.h; path = Game.hpp; sourceTree = "<group>"; };
		DE62463029463E4F005AFBF0 /* Dictionary.cpp */ = {isa = PBXFileReference; lastKnownFileType = sourcecode.cpp.cpp; path = Dictionary.cpp; sourceTree = "<group>"; };
		DE62463129463E4F005AFBF0 /* Dictionary.hpp */ = {isa = PBXFileReference; lastKnownFileType = sourcecode.cpp.h; path = Dictionary.hpp; sourceTree = "<group>"; };
		DE62463629463FE3005AFBF0 /* Word.cpp */ = {isa = PBXFileReference; lastKnownFileType = sourcecode.cpp.cpp; path = Word.cpp; sourceTree = "<group>"; };
		DE62463729463FE3005AFBF0 /* Word.hpp */ = {isa = PBXFileReference; lastKnownFileType = sourcecode.cpp.h; path = Word.hpp; sourceTree = "<group>"; };
/* End PBXFileReference section */

/* Begin PBXFrameworksBuildPhase section */
		DE62462029463E1E005AFBF0 /* Frameworks */ = {
			isa = PBXFrameworksBuildPhase;
			buildActionMask = 2147483647;
			files = (
			);
			runOnlyForDeploymentPostprocessing = 0;
		};
/* End PBXFrameworksBuildPhase section */

/* Begin PBXGroup section */
		DE62461A29463E1E005AFBF0 = {
			isa = PBXGroup;
			children = (
				DE62462529463E1E005AFBF0 /* cviko 2 */,
				DE62462429463E1E005AFBF0 /* Products */,
			);
			sourceTree = "<group>";
		};
		DE62462429463E1E005AFBF0 /* Products */ = {
			isa = PBXGroup;
			children = (
				DE62462329463E1E005AFBF0 /* cviko 2 */,
			);
			name = Products;
			sourceTree = "<group>";
		};
		DE62462529463E1E005AFBF0 /* cviko 2 */ = {
			isa = PBXGroup;
			children = (
				DE62462629463E1E005AFBF0 /* main.cpp */,
				DE62462D29463E36005AFBF0 /* Game.cpp */,
				DE62462E29463E36005AFBF0 /* Game.hpp */,
				DE62463029463E4F005AFBF0 /* Dictionary.cpp */,
				DE62463129463E4F005AFBF0 /* Dictionary.hpp */,
				DE62463629463FE3005AFBF0 /* Word.cpp */,
				DE62463729463FE3005AFBF0 /* Word.hpp */,
			);
			path = "cviko 2";
			sourceTree = "<group>";
		};
/* End PBXGroup section */

/* Begin PBXNativeTarget section */
		DE62462229463E1E005AFBF0 /* cviko 2 */ = {
			isa = PBXNativeTarget;
			buildConfigurationList = DE62462A29463E1E005AFBF0 /* Build configuration list for PBXNativeTarget "cviko 2" */;
			buildPhases = (
				DE62461F29463E1E005AFBF0 /* Sources */,
				DE62462029463E1E005AFBF0 /* Frameworks */,
				DE62462129463E1E005AFBF0 /* CopyFiles */,
			);
			buildRules = (
			);
			dependencies = (
			);
			name = "cviko 2";
			productName = "cviko 2";
			productReference = DE62462329463E1E005AFBF0 /* cviko 2 */;
			productType = "com.apple.product-type.tool";
		};
/* End PBXNativeTarget section */

/* Begin PBXProject section */
		DE62461B29463E1E005AFBF0 /* Project object */ = {
			isa = PBXProject;
			attributes = {
				BuildIndependentTargetsInParallel = 1;
				LastUpgradeCheck = 1410;
				TargetAttributes = {
					DE62462229463E1E005AFBF0 = {
						CreatedOnToolsVersion = 14.1;
					};
				};
			};
			buildConfigurationList = DE62461E29463E1E005AFBF0 /* Build configuration list for PBXProject "cviko 2" */;
			compatibilityVersion = "Xcode 14.0";
			developmentRegion = en;
			hasScannedForEncodings = 0;
			knownRegions = (
				en,
				Base,
			);
			mainGroup = DE62461A29463E1E005AFBF0;
			productRefGroup = DE62462429463E1E005AFBF0 /* Products */;
			projectDirPath = "";
			projectRoot = "";
			targets = (
				DE62462229463E1E005AFBF0 /* cviko 2 */,
			);
		};
/* End PBXProject section */

/* Begin PBXSourcesBuildPhase section */
		DE62461F29463E1E005AFBF0 /* Sources */ = {
			isa = PBXSourcesBuildPhase;
			buildActionMask = 2147483647;
			files = (
				DE62462729463E1E005AFBF0 /* main.cpp in Sources */,
				DE62463829463FE3005AFBF0 /* Word.cpp in Sources */,
				DE62462F29463E36005AFBF0 /* Game.cpp in Sources */,
				DE62463229463E4F005AFBF0 /* Dictionary.cpp in Sources */,
			);
			runOnlyForDeploymentPostprocessing = 0;
		};
/* End PBXSourcesBuildPhase section */

/* Begin XCBuildConfiguration section */
		DE62462829463E1E005AFBF0 /* Debug */ = {
			isa = XCBuildConfiguration;
			buildSettings = {
				ALWAYS_SEARCH_USER_PATHS = NO;
				CLANG_ANALYZER_NONNULL = YES;
				CLANG_ANALYZER_NUMBER_OBJECT_CONVERSION = YES_AGGRESSIVE;
				CLANG_CXX_LANGUAGE_STANDARD = "gnu++20";
				CLANG_ENABLE_MODULES = YES;
				CLANG_ENABLE_OBJC_ARC = YES;
				CLANG_ENABLE_OBJC_WEAK = YES;
				CLANG_WARN_BLOCK_CAPTURE_AUTORELEASING = YES;
				CLANG_WARN_BOOL_CONVERSION = YES;
				CLANG_WARN_COMMA = YES;
				CLANG_WARN_CONSTANT_CONVERSION = YES;
				CLANG_WARN_DEPRECATED_OBJC_IMPLEMENTATIONS = YES;
				CLANG_WARN_DIRECT_OBJC_ISA_USAGE = YES_ERROR;
				CLANG_WARN_DOCUMENTATION_COMMENTS = YES;
				CLANG_WARN_EMPTY_BODY = YES;
				CLANG_WARN_ENUM_CONVERSION = YES;
				CLANG_WARN_INFINITE_RECURSION = YES;
				CLANG_WARN_INT_CONVERSION = YES;
				CLANG_WARN_NON_LITERAL_NULL_CONVERSION = YES;
				CLANG_WARN_OBJC_IMPLICIT_RETAIN_SELF = YES;
				CLANG_WARN_OBJC_LITERAL_CONVERSION = YES;
				CLANG_WARN_OBJC_ROOT_CLASS = YES_ERROR;
				CLANG_WARN_QUOTED_INCLUDE_IN_FRAMEWORK_HEADER = YES;
				CLANG_WARN_RANGE_LOOP_ANALYSIS = YES;
				CLANG_WARN_STRICT_PROTOTYPES = YES;
				CLANG_WARN_SUSPICIOUS_MOVE = YES;
				CLANG_WARN_UNGUARDED_AVAILABILITY = YES_AGGRESSIVE;
				CLANG_WARN_UNREACHABLE_CODE = YES;
				CLANG_WARN__DUPLICATE_METHOD_MATCH = YES;
				COPY_PHASE_STRIP = NO;
				DEBUG_INFORMATION_FORMAT = dwarf;
				ENABLE_STRICT_OBJC_MSGSEND = YES;
				ENABLE_TESTABILITY = YES;
				GCC_C_LANGUAGE_STANDARD = gnu11;
				GCC_DYNAMIC_NO_PIC = NO;
				GCC_NO_COMMON_BLOCKS = YES;
				GCC_OPTIMIZATION_LEVEL = 0;
				GCC_PREPROCESSOR_DEFINITIONS = (
					"DEBUG=1",
					"$(inherited)",
				);
				GCC_WARN_64_TO_32_BIT_CONVERSION = YES;
				GCC_WARN_ABOUT_RETURN_TYPE = YES_ERROR;
				GCC_WARN_UNDECLARED_SELECTOR = YES;
				GCC_WARN_UNINITIALIZED_AUTOS = YES_AGGRESSIVE;
				GCC_WARN_UNUSED_FUNCTION = YES;
				GCC_WARN_UNUSED_VARIABLE = YES;
				MACOSX_DEPLOYMENT_TARGET = 12.6;
				MTL_ENABLE_DEBUG_INFO = INCLUDE_SOURCE;
				MTL_FAST_MATH = YES;
				ONLY_ACTIVE_ARCH = YES;
				SDKROOT = macosx;
			};
			name = Debug;
		};
		DE62462929463E1E005AFBF0 /* Release */ = {
			isa = XCBuildConfiguration;
			buildSettings = {
				ALWAYS_SEARCH_USER_PATHS = NO;
				CLANG_ANALYZER_NONNULL = YES;
				CLANG_ANALYZER_NUMBER_OBJECT_CONVERSION = YES_AGGRESSIVE;
				CLANG_CXX_LANGUAGE_STANDARD = "gnu++20";
				CLANG_ENABLE_MODULES = YES;
				CLANG_ENABLE_OBJC_ARC = YES;
				CLANG_ENABLE_OBJC_WEAK = YES;
				CLANG_WARN_BLOCK_CAPTURE_AUTORELEASING = YES;
				CLANG_WARN_BOOL_CONVERSION = YES;
				CLANG_WARN_COMMA = YES;
				CLANG_WARN_CONSTANT_CONVERSION = YES;
				CLANG_WARN_DEPRECATED_OBJC_IMPLEMENTATIONS = YES;
				CLANG_WARN_DIRECT_OBJC_ISA_USAGE = YES_ERROR;
				CLANG_WARN_DOCUMENTATION_COMMENTS = YES;
				CLANG_WARN_EMPTY_BODY = YES;
				CLANG_WARN_ENUM_CONVERSION = YES;
				CLANG_WARN_INFINITE_RECURSION = YES;
				CLANG_WARN_INT_CONVERSION = YES;
				CLANG_WARN_NON_LITERAL_NULL_CONVERSION = YES;
				CLANG_WARN_OBJC_IMPLICIT_RETAIN_SELF = YES;
				CLANG_WARN_OBJC_LITERAL_CONVERSION = YES;
				CLANG_WARN_OBJC_ROOT_CLASS = YES_ERROR;
				CLANG_WARN_QUOTED_INCLUDE_IN_FRAMEWORK_HEADER = YES;
				CLANG_WARN_RANGE_LOOP_ANALYSIS = YES;
				CLANG_WARN_STRICT_PROTOTYPES = YES;
				CLANG_WARN_SUSPICIOUS_MOVE = YES;
				CLANG_WARN_UNGUARDED_AVAILABILITY = YES_AGGRESSIVE;
				CLANG_WARN_UNREACHABLE_CODE = YES;
				CLANG_WARN__DUPLICATE_METHOD_MATCH = YES;
				COPY_PHASE_STRIP = NO;
				DEBUG_INFORMATION_FORMAT = "dwarf-with-dsym";
				ENABLE_NS_ASSERTIONS = NO;
				ENABLE_STRICT_OBJC_MSGSEND = YES;
				GCC_C_LANGUAGE_STANDARD = gnu11;
				GCC_NO_COMMON_BLOCKS = YES;
				GCC_WARN_64_TO_32_BIT_CONVERSION = YES;
				GCC_WARN_ABOUT_RETURN_TYPE = YES_ERROR;
				GCC_WARN_UNDECLARED_SELECTOR = YES;
				GCC_WARN_UNINITIALIZED_AUTOS = YES_AGGRESSIVE;
				GCC_WARN_UNUSED_FUNCTION = YES;
				GCC_WARN_UNUSED_VARIABLE = YES;
				MACOSX_DEPLOYMENT_TARGET = 12.6;
				MTL_ENABLE_DEBUG_INFO = NO;
				MTL_FAST_MATH = YES;
				SDKROOT = macosx;
			};
			name = Release;
		};
		DE62462B29463E1E005AFBF0 /* Debug */ = {
			isa = XCBuildConfiguration;
			buildSettings = {
				CODE_SIGN_STYLE = Automatic;
				PRODUCT_NAME = "$(TARGET_NAME)";
			};
			name = Debug;
		};
		DE62462C29463E1E005AFBF0 /* Release */ = {
			isa = XCBuildConfiguration;
			buildSettings = {
				CODE_SIGN_STYLE = Automatic;
				PRODUCT_NAME = "$(TARGET_NAME)";
			};
			name = Release;
		};
/* End XCBuildConfiguration section */

/* Begin XCConfigurationList section */
		DE62461E29463E1E005AFBF0 /* Build configuration list for PBXProject "cviko 2" */ = {
			isa = XCConfigurationList;
			buildConfigurations = (
				DE62462829463E1E005AFBF0 /* Debug */,
				DE62462929463E1E005AFBF0 /* Release */,
			);
			defaultConfigurationIsVisible = 0;
			defaultConfigurationName = Release;
		};
		DE62462A29463E1E005AFBF0 /* Build configuration list for PBXNativeTarget "cviko 2" */ = {
			isa = XCConfigurationList;
			buildConfigurations = (
				DE62462B29463E1E005AFBF0 /* Debug */,
				DE62462C29463E1E005AFBF0 /* Release */,
			);
			defaultConfigurationIsVisible = 0;
			defaultConfigurationName = Release;
		};
/* End XCConfigurationList section */
	};
	rootObject = DE62461B29463E1E005AFBF0 /* Project object */;
}
